github.com/MobilityData/gtfs-realtime-bindings/golang/gtfs v1.0.0 h1:f4P+fVYmSIWj4b/jvbMdmrmsx/Xb+5xCpYYtVXOdKoc=
github.com/MobilityData/gtfs-realtime-bindings/golang/gtfs v1.0.0/go.mod h1:nSmbVVQSM4lp9gYvVaaTotnRxSwZXEdFnJARofg5V4g=
github.com/google/go-cmp v0.6.0 h1:ofyhxvXcZhMsU5ulbFiLKl/XBFqE1GSq7atu8tAmTRI=
github.com/google/go-cmp v0.6.0/go.mod h1:17dUlkBOakJ0+DkrSSNjCkIjxS6bF9zb3elmeNGIjoY=
github.com/luraproject/lura/v2 v2.9.0 h1:JeqlrUz0wM4ITVHOtEaFJ5sS6TW25/lTDmMCsQUY44U=
github.com/luraproject/lura/v2 v2.9.0/go.mod h1:pJQDsCSSrE5udlzkLvUnFkdrqeQ+jDO1ZIzsx6jgLtk=
google.golang.org/protobuf v1.35.2 h1:8Ar7bF+apOIoThw1EdZl0p1oWvMqTHmpA2fRTyZO8io=
google.golang.org/protobuf v1.35.2/go.mod h1:9fA7Ob0pmnwhb644+1+CVWFRbNajQ6iRojtC/QF5bRE=
